
Microsoft Visual Studio Solution File, Format Version 12.00
# Visual Studio 15
VisualStudioVersion = 15.0.27428.2037
MinimumVisualStudioVersion = 10.0.40219.1
Project("{FAE04EC0-301F-11D3-BF4B-00C04F79EFBC}") = "DataStructures", "DataStructures\DataStructures.csproj", "{92D3C48A-1B53-40C2-AFAB-F16192371602}"
EndProject
Project("{FAE04EC0-301F-11D3-BF4B-00C04F79EFBC}") = "DataStructures.Test", "DataStructures.Test\DataStructures.Test.csproj", "{E3A7EA0D-6359-49BF-84B3-C7841DC2816E}"
EndProject
Global
	GlobalSection(SolutionConfigurationPlatforms) = preSolution
		Debug|Any CPU = Debug|Any CPU
		Release|Any CPU = Release|Any CPU
	EndGlobalSection
	GlobalSection(ProjectConfigurationPlatforms) = postSolution
		{92D3C48A-1B53-40C2-AFAB-F16192371602}.Debug|Any CPU.ActiveCfg = Debug|Any CPU
		{92D3C48A-1B53-40C2-AFAB-F16192371602}.Debug|Any CPU.Build.0 = Debug|Any CPU
		{92D3C48A-1B53-40C2-AFAB-F16192371602}.Release|Any CPU.ActiveCfg = Release|Any CPU
		{92D3C48A-1B53-40C2-AFAB-F16192371602}.Release|Any CPU.Build.0 = Release|Any CPU
		{E3A7EA0D-6359-49BF-84B3-C7841DC2816E}.Debug|Any CPU.ActiveCfg = Debug|Any CPU
		{E3A7EA0D-6359-49BF-84B3-C7841DC2816E}.Debug|Any CPU.Build.0 = Debug|Any CPU
		{E3A7EA0D-6359-49BF-84B3-C7841DC2816E}.Release|Any CPU.ActiveCfg = Release|Any CPU
		{E3A7EA0D-6359-49BF-84B3-C7841DC2816E}.Release|Any CPU.Build.0 = Release|Any CPU
	EndGlobalSection
	GlobalSection(SolutionProperties) = preSolution
		HideSolutionNode = FALSE
	EndGlobalSection
	GlobalSection(ExtensibilityGlobals) = postSolution
		SolutionGuid = {931B48DD-AF2A-4A39-BBAA-5C147E4347A9}
	EndGlobalSection
EndGlobal
